
Microsoft Visual Studio Solution File, Format Version 12.00
# Visual Studio Version 17
VisualStudioVersion = 17.3.32825.248
MinimumVisualStudioVersion = 10.0.40219.1
Project("{9A19103F-16F7-4668-BE54-9A1E7A4F7556}") = "Smusdi.Core", "src\Smusdi.Core\Smusdi.Core.csproj", "{6B54CBD5-CA66-4529-87F4-9DE30045F044}"
EndProject
Project("{2150E333-8FDC-42A3-9474-1A3956D46DE8}") = ".build", ".build", "{BE287E47-6A83-43C2-85CD-BCC63063AA71}"
	ProjectSection(SolutionItems) = preProject
		.editorconfig = .editorconfig
		Directory.Build.props = Directory.Build.props
		Directory.Packages.props = Directory.Packages.props
		.config\dotnet-tools.json = .config\dotnet-tools.json
		NuGet.Config = NuGet.Config
		README.md = README.md
	EndProjectSection
EndProject
Project("{2150E333-8FDC-42A3-9474-1A3956D46DE8}") = "testing", "testing", "{EBD4B1BE-BE4A-4D2F-9D94-40D95C879B20}"
EndProject
Project("{9A19103F-16F7-4668-BE54-9A1E7A4F7556}") = "Smusdi.Testing", "testing\Smusdi.Testing\Smusdi.Testing.csproj", "{26EB1FAC-8DA4-4E75-85E0-7882E6B07A44}"
EndProject
Project("{2150E333-8FDC-42A3-9474-1A3956D46DE8}") = "specs", "specs", "{FE3DAB11-0EE9-4DFA-8706-E0867AF41942}"
EndProject
Project("{9A19103F-16F7-4668-BE54-9A1E7A4F7556}") = "Smusdi.Core.Specs", "specs\Smusdi.Core.Specs\Smusdi.Core.Specs.csproj", "{E8AD59B5-1E57-401B-A8C0-38A7F2285DBF}"
EndProject
Project("{2150E333-8FDC-42A3-9474-1A3956D46DE8}") = ".samples", ".samples", "{78377929-D731-4FE6-907B-FF312EB2B1D8}"
EndProject
Project("{9A19103F-16F7-4668-BE54-9A1E7A4F7556}") = "Smusdi.Sample", "samples\Smusdi.Sample\Smusdi.Sample.csproj", "{4C1924D8-8390-4C20-BC46-9953CA2ED306}"
EndProject
Project("{9A19103F-16F7-4668-BE54-9A1E7A4F7556}") = "Smusdi.ApiWithNoVersioning", "samples\Smusdi.ApiWithNoVersioning\Smusdi.ApiWithNoVersioning.csproj", "{D2A0C771-D3AF-4210-B93C-75DEEF36672C}"
EndProject
Project("{2150E333-8FDC-42A3-9474-1A3956D46DE8}") = "single-file-publication", "single-file-publication", "{F364CBD7-D47B-4757-916C-DDB7DC562419}"
	ProjectSection(SolutionItems) = preProject
		samples\SingleFilePublication\README.md = samples\SingleFilePublication\README.md
	EndProjectSection
EndProject
Project("{9A19103F-16F7-4668-BE54-9A1E7A4F7556}") = "SingleFilePublication.Service", "samples\SingleFilePublication\SingleFilePublication.Service\SingleFilePublication.Service.csproj", "{C11A8270-19A8-40CC-BC86-1BA145CE63CE}"
EndProject
Project("{9A19103F-16F7-4668-BE54-9A1E7A4F7556}") = "SingleFilePublication.SomeFeature", "samples\SingleFilePublication\SingleFilePublication.SomeFeature\SingleFilePublication.SomeFeature.csproj", "{4E858323-E024-453A-81C9-D69ADA3C848E}"
EndProject
Project("{9A19103F-16F7-4668-BE54-9A1E7A4F7556}") = "Smusdi.Worker.Sample", "samples\Smusdi.Worker.Sample\Smusdi.Worker.Sample.csproj", "{01C2F805-7007-4973-BA63-A26F4595B001}"
EndProject
Project("{9A19103F-16F7-4668-BE54-9A1E7A4F7556}") = "Smusdi.PostgreSQL", "src\Smusdi.PostgreSQL\Smusdi.PostgreSQL.csproj", "{6CBFCB59-F5FB-42A4-9A03-F092DCBA9E97}"
EndProject
Project("{9A19103F-16F7-4668-BE54-9A1E7A4F7556}") = "Smusdi.PostgreSQL.Specs", "specs\Smusdi.PostgreSQL.Specs\Smusdi.PostgreSQL.Specs.csproj", "{7A1F569F-81C6-41D5-B75F-3C0668CD1AA8}"
EndProject
Project("{9A19103F-16F7-4668-BE54-9A1E7A4F7556}") = "Smusdi.PostgreSQL.Testing", "testing\Smusdi.PostgreSQL.Testing\Smusdi.PostgreSQL.Testing.csproj", "{B5D6A0DE-CB7D-4AE5-973B-34C3CBA2A4EE}"
EndProject
Project("{2150E333-8FDC-42A3-9474-1A3956D46DE8}") = "specs", "specs", "{C32D90C3-140A-4BBE-8A59-4A0A90A9314A}"
	ProjectSection(SolutionItems) = preProject
		specs\.runsettings = specs\.runsettings
		specs\appsettings.json = specs\appsettings.json
		specs\Directory.Build.props = specs\Directory.Build.props
		specs\specflow.json = specs\specflow.json
		specs\xunit.runner.json = specs\xunit.runner.json
	EndProjectSection
EndProject
Project("{9A19103F-16F7-4668-BE54-9A1E7A4F7556}") = "PostgreSqlMigration", "samples\PostgreSqlMigration\PostgreSqlMigration.csproj", "{BF377F76-AAED-4CCE-A820-8AD41A12D23C}"
EndProject
Project("{2150E333-8FDC-42A3-9474-1A3956D46DE8}") = ".github", ".github", "{C11885E1-0B86-4166-8F16-8147AB9BD97D}"
EndProject
Project("{2150E333-8FDC-42A3-9474-1A3956D46DE8}") = "workflows", "workflows", "{EAFCDA1E-66E8-4BB2-9024-7B15ED3A48B1}"
	ProjectSection(SolutionItems) = preProject
		.github\workflows\build.yml = .github\workflows\build.yml
		.github\workflows\publish.yml = .github\workflows\publish.yml
		.github\workflows\publish_doc.yml = .github\workflows\publish_doc.yml
	EndProjectSection
EndProject
Global
	GlobalSection(SolutionConfigurationPlatforms) = preSolution
		Debug|Any CPU = Debug|Any CPU
		Release|Any CPU = Release|Any CPU
	EndGlobalSection
	GlobalSection(ProjectConfigurationPlatforms) = postSolution
		{6B54CBD5-CA66-4529-87F4-9DE30045F044}.Debug|Any CPU.ActiveCfg = Debug|Any CPU
		{6B54CBD5-CA66-4529-87F4-9DE30045F044}.Debug|Any CPU.Build.0 = Debug|Any CPU
		{6B54CBD5-CA66-4529-87F4-9DE30045F044}.Release|Any CPU.ActiveCfg = Release|Any CPU
		{6B54CBD5-CA66-4529-87F4-9DE30045F044}.Release|Any CPU.Build.0 = Release|Any CPU
		{26EB1FAC-8DA4-4E75-85E0-7882E6B07A44}.Debug|Any CPU.ActiveCfg = Debug|Any CPU
		{26EB1FAC-8DA4-4E75-85E0-7882E6B07A44}.Debug|Any CPU.Build.0 = Debug|Any CPU
		{26EB1FAC-8DA4-4E75-85E0-7882E6B07A44}.Release|Any CPU.ActiveCfg = Release|Any CPU
		{26EB1FAC-8DA4-4E75-85E0-7882E6B07A44}.Release|Any CPU.Build.0 = Release|Any CPU
		{E8AD59B5-1E57-401B-A8C0-38A7F2285DBF}.Debug|Any CPU.ActiveCfg = Debug|Any CPU
		{E8AD59B5-1E57-401B-A8C0-38A7F2285DBF}.Debug|Any CPU.Build.0 = Debug|Any CPU
		{E8AD59B5-1E57-401B-A8C0-38A7F2285DBF}.Release|Any CPU.ActiveCfg = Release|Any CPU
		{E8AD59B5-1E57-401B-A8C0-38A7F2285DBF}.Release|Any CPU.Build.0 = Release|Any CPU
		{4C1924D8-8390-4C20-BC46-9953CA2ED306}.Debug|Any CPU.ActiveCfg = Debug|Any CPU
		{4C1924D8-8390-4C20-BC46-9953CA2ED306}.Debug|Any CPU.Build.0 = Debug|Any CPU
		{4C1924D8-8390-4C20-BC46-9953CA2ED306}.Release|Any CPU.ActiveCfg = Release|Any CPU
		{4C1924D8-8390-4C20-BC46-9953CA2ED306}.Release|Any CPU.Build.0 = Release|Any CPU
		{D2A0C771-D3AF-4210-B93C-75DEEF36672C}.Debug|Any CPU.ActiveCfg = Debug|Any CPU
		{D2A0C771-D3AF-4210-B93C-75DEEF36672C}.Debug|Any CPU.Build.0 = Debug|Any CPU
		{D2A0C771-D3AF-4210-B93C-75DEEF36672C}.Release|Any CPU.ActiveCfg = Release|Any CPU
		{D2A0C771-D3AF-4210-B93C-75DEEF36672C}.Release|Any CPU.Build.0 = Release|Any CPU
		{C11A8270-19A8-40CC-BC86-1BA145CE63CE}.Debug|Any CPU.ActiveCfg = Debug|Any CPU
		{C11A8270-19A8-40CC-BC86-1BA145CE63CE}.Debug|Any CPU.Build.0 = Debug|Any CPU
		{C11A8270-19A8-40CC-BC86-1BA145CE63CE}.Release|Any CPU.ActiveCfg = Release|Any CPU
		{C11A8270-19A8-40CC-BC86-1BA145CE63CE}.Release|Any CPU.Build.0 = Release|Any CPU
		{4E858323-E024-453A-81C9-D69ADA3C848E}.Debug|Any CPU.ActiveCfg = Debug|Any CPU
		{4E858323-E024-453A-81C9-D69ADA3C848E}.Debug|Any CPU.Build.0 = Debug|Any CPU
		{4E858323-E024-453A-81C9-D69ADA3C848E}.Release|Any CPU.ActiveCfg = Release|Any CPU
		{4E858323-E024-453A-81C9-D69ADA3C848E}.Release|Any CPU.Build.0 = Release|Any CPU
		{01C2F805-7007-4973-BA63-A26F4595B001}.Debug|Any CPU.ActiveCfg = Debug|Any CPU
		{01C2F805-7007-4973-BA63-A26F4595B001}.Debug|Any CPU.Build.0 = Debug|Any CPU
		{01C2F805-7007-4973-BA63-A26F4595B001}.Release|Any CPU.ActiveCfg = Release|Any CPU
		{01C2F805-7007-4973-BA63-A26F4595B001}.Release|Any CPU.Build.0 = Release|Any CPU
		{6CBFCB59-F5FB-42A4-9A03-F092DCBA9E97}.Debug|Any CPU.ActiveCfg = Debug|Any CPU
		{6CBFCB59-F5FB-42A4-9A03-F092DCBA9E97}.Debug|Any CPU.Build.0 = Debug|Any CPU
		{6CBFCB59-F5FB-42A4-9A03-F092DCBA9E97}.Release|Any CPU.ActiveCfg = Release|Any CPU
		{6CBFCB59-F5FB-42A4-9A03-F092DCBA9E97}.Release|Any CPU.Build.0 = Release|Any CPU
		{7A1F569F-81C6-41D5-B75F-3C0668CD1AA8}.Debug|Any CPU.ActiveCfg = Debug|Any CPU
		{7A1F569F-81C6-41D5-B75F-3C0668CD1AA8}.Debug|Any CPU.Build.0 = Debug|Any CPU
		{7A1F569F-81C6-41D5-B75F-3C0668CD1AA8}.Release|Any CPU.ActiveCfg = Release|Any CPU
		{7A1F569F-81C6-41D5-B75F-3C0668CD1AA8}.Release|Any CPU.Build.0 = Release|Any CPU
		{B5D6A0DE-CB7D-4AE5-973B-34C3CBA2A4EE}.Debug|Any CPU.ActiveCfg = Debug|Any CPU
		{B5D6A0DE-CB7D-4AE5-973B-34C3CBA2A4EE}.Debug|Any CPU.Build.0 = Debug|Any CPU
		{B5D6A0DE-CB7D-4AE5-973B-34C3CBA2A4EE}.Release|Any CPU.ActiveCfg = Release|Any CPU
		{B5D6A0DE-CB7D-4AE5-973B-34C3CBA2A4EE}.Release|Any CPU.Build.0 = Release|Any CPU
		{BF377F76-AAED-4CCE-A820-8AD41A12D23C}.Debug|Any CPU.ActiveCfg = Debug|Any CPU
		{BF377F76-AAED-4CCE-A820-8AD41A12D23C}.Debug|Any CPU.Build.0 = Debug|Any CPU
		{BF377F76-AAED-4CCE-A820-8AD41A12D23C}.Release|Any CPU.ActiveCfg = Release|Any CPU
		{BF377F76-AAED-4CCE-A820-8AD41A12D23C}.Release|Any CPU.Build.0 = Release|Any CPU
	EndGlobalSection
	GlobalSection(SolutionProperties) = preSolution
		HideSolutionNode = FALSE
	EndGlobalSection
	GlobalSection(NestedProjects) = preSolution
		{26EB1FAC-8DA4-4E75-85E0-7882E6B07A44} = {EBD4B1BE-BE4A-4D2F-9D94-40D95C879B20}
		{E8AD59B5-1E57-401B-A8C0-38A7F2285DBF} = {FE3DAB11-0EE9-4DFA-8706-E0867AF41942}
		{4C1924D8-8390-4C20-BC46-9953CA2ED306} = {78377929-D731-4FE6-907B-FF312EB2B1D8}
		{D2A0C771-D3AF-4210-B93C-75DEEF36672C} = {78377929-D731-4FE6-907B-FF312EB2B1D8}
		{F364CBD7-D47B-4757-916C-DDB7DC562419} = {78377929-D731-4FE6-907B-FF312EB2B1D8}
		{C11A8270-19A8-40CC-BC86-1BA145CE63CE} = {F364CBD7-D47B-4757-916C-DDB7DC562419}
		{4E858323-E024-453A-81C9-D69ADA3C848E} = {F364CBD7-D47B-4757-916C-DDB7DC562419}
		{01C2F805-7007-4973-BA63-A26F4595B001} = {78377929-D731-4FE6-907B-FF312EB2B1D8}
		{7A1F569F-81C6-41D5-B75F-3C0668CD1AA8} = {FE3DAB11-0EE9-4DFA-8706-E0867AF41942}
		{B5D6A0DE-CB7D-4AE5-973B-34C3CBA2A4EE} = {EBD4B1BE-BE4A-4D2F-9D94-40D95C879B20}
		{C32D90C3-140A-4BBE-8A59-4A0A90A9314A} = {BE287E47-6A83-43C2-85CD-BCC63063AA71}
		{BF377F76-AAED-4CCE-A820-8AD41A12D23C} = {FE3DAB11-0EE9-4DFA-8706-E0867AF41942}
		{EAFCDA1E-66E8-4BB2-9024-7B15ED3A48B1} = {C11885E1-0B86-4166-8F16-8147AB9BD97D}
	EndGlobalSection
	GlobalSection(ExtensibilityGlobals) = postSolution
		SolutionGuid = {E408858C-2BD5-4F48-8375-57CA39A82AF7}
	EndGlobalSection
EndGlobal
